
Microsoft Visual Studio Solution File, Format Version 12.00
# Visual Studio Version 17
VisualStudioVersion = 17.14.36109.1 d17.14
MinimumVisualStudioVersion = 10.0.40219.1
Project("{FAE04EC0-301F-11D3-BF4B-00C04F79EFBC}") = "Portafolio", "Portafolio\Portafolio.csproj", "{C55787E8-A00D-48DC-950E-D5834F77354E}"
EndProject
Global
	GlobalSection(SolutionConfigurationPlatforms) = preSolution
		Debug|Any CPU = Debug|Any CPU
		Release|Any CPU = Release|Any CPU
	EndGlobalSection
	GlobalSection(ProjectConfigurationPlatforms) = postSolution
		{C55787E8-A00D-48DC-950E-D5834F77354E}.Debug|Any CPU.ActiveCfg = Debug|Any CPU
		{C55787E8-A00D-48DC-950E-D5834F77354E}.Debug|Any CPU.Build.0 = Debug|Any CPU
		{C55787E8-A00D-48DC-950E-D5834F77354E}.Release|Any CPU.ActiveCfg = Release|Any CPU
		{C55787E8-A00D-48DC-950E-D5834F77354E}.Release|Any CPU.Build.0 = Release|Any CPU
	EndGlobalSection
	GlobalSection(SolutionProperties) = preSolution
		HideSolutionNode = FALSE
	EndGlobalSection
	GlobalSection(ExtensibilityGlobals) = postSolution
		SolutionGuid = {A742CA3D-60CF-49E1-B2A8-60D15D14B4A0}
	EndGlobalSection
EndGlobal
